
Microsoft Visual Studio Solution File, Format Version 12.00
# Visual Studio Version 16
VisualStudioVersion = 16.0.31624.102
MinimumVisualStudioVersion = 10.0.40219.1
Project("{FAE04EC0-301F-11D3-BF4B-00C04F79EFBC}") = "homework", "classwork021021\homework.csproj", "{DE06A74A-F85A-418F-B52C-174B1F43D07A}"
EndProject
Project("{FAE04EC0-301F-11D3-BF4B-00C04F79EFBC}") = "methodichka", "methodichka\methodichka.csproj", "{347E8C10-A8D8-4002-B4B1-38D6B31EF4F0}"
EndProject
Project("{FAE04EC0-301F-11D3-BF4B-00C04F79EFBC}") = "classwork", "homework\classwork.csproj", "{4CF37E77-946B-45D3-AAE5-0B26705216B8}"
EndProject
Global
	GlobalSection(SolutionConfigurationPlatforms) = preSolution
		Debug|Any CPU = Debug|Any CPU
		Release|Any CPU = Release|Any CPU
	EndGlobalSection
	GlobalSection(ProjectConfigurationPlatforms) = postSolution
		{DE06A74A-F85A-418F-B52C-174B1F43D07A}.Debug|Any CPU.ActiveCfg = Debug|Any CPU
		{DE06A74A-F85A-418F-B52C-174B1F43D07A}.Debug|Any CPU.Build.0 = Debug|Any CPU
		{DE06A74A-F85A-418F-B52C-174B1F43D07A}.Release|Any CPU.ActiveCfg = Release|Any CPU
		{DE06A74A-F85A-418F-B52C-174B1F43D07A}.Release|Any CPU.Build.0 = Release|Any CPU
		{347E8C10-A8D8-4002-B4B1-38D6B31EF4F0}.Debug|Any CPU.ActiveCfg = Debug|Any CPU
		{347E8C10-A8D8-4002-B4B1-38D6B31EF4F0}.Debug|Any CPU.Build.0 = Debug|Any CPU
		{347E8C10-A8D8-4002-B4B1-38D6B31EF4F0}.Release|Any CPU.ActiveCfg = Release|Any CPU
		{347E8C10-A8D8-4002-B4B1-38D6B31EF4F0}.Release|Any CPU.Build.0 = Release|Any CPU
		{4CF37E77-946B-45D3-AAE5-0B26705216B8}.Debug|Any CPU.ActiveCfg = Debug|Any CPU
		{4CF37E77-946B-45D3-AAE5-0B26705216B8}.Debug|Any CPU.Build.0 = Debug|Any CPU
		{4CF37E77-946B-45D3-AAE5-0B26705216B8}.Release|Any CPU.ActiveCfg = Release|Any CPU
		{4CF37E77-946B-45D3-AAE5-0B26705216B8}.Release|Any CPU.Build.0 = Release|Any CPU
	EndGlobalSection
	GlobalSection(SolutionProperties) = preSolution
		HideSolutionNode = FALSE
	EndGlobalSection
	GlobalSection(ExtensibilityGlobals) = postSolution
		SolutionGuid = {A914283C-C579-4D3C-9498-4EA28360D0AD}
	EndGlobalSection
EndGlobal
